
Microsoft Visual Studio Solution File, Format Version 12.00
# Visual Studio Version 17
VisualStudioVersion = 17.8.34511.84
MinimumVisualStudioVersion = 10.0.40219.1
Project("{9A19103F-16F7-4668-BE54-9A1E7A4F7556}") = "SMSwitch", "SMSwitch\SMSwitch.csproj", "{8F6CD18F-59C7-46D3-BC85-83F95C4FF42B}"
EndProject
Project("{2150E333-8FDC-42A3-9474-1A3956D46DE8}") = "SolutionFiles", "SolutionFiles", "{25AAFFAA-C69B-402C-9226-8F42CDA023E8}"
	ProjectSection(SolutionItems) = preProject
		.gitignore = .gitignore
		README.md = README.md
	EndProjectSection
EndProject
Global
	GlobalSection(SolutionConfigurationPlatforms) = preSolution
		Debug|Any CPU = Debug|Any CPU
		Release|Any CPU = Release|Any CPU
	EndGlobalSection
	GlobalSection(ProjectConfigurationPlatforms) = postSolution
		{8F6CD18F-59C7-46D3-BC85-83F95C4FF42B}.Debug|Any CPU.ActiveCfg = Debug|Any CPU
		{8F6CD18F-59C7-46D3-BC85-83F95C4FF42B}.Debug|Any CPU.Build.0 = Debug|Any CPU
		{8F6CD18F-59C7-46D3-BC85-83F95C4FF42B}.Release|Any CPU.ActiveCfg = Release|Any CPU
		{8F6CD18F-59C7-46D3-BC85-83F95C4FF42B}.Release|Any CPU.Build.0 = Release|Any CPU
	EndGlobalSection
	GlobalSection(SolutionProperties) = preSolution
		HideSolutionNode = FALSE
	EndGlobalSection
	GlobalSection(ExtensibilityGlobals) = postSolution
		SolutionGuid = {BD713BDA-3190-4650-9B5A-63F1F3C3D231}
	EndGlobalSection
EndGlobal
